
Microsoft Visual Studio Solution File, Format Version 12.00
# Visual Studio Version 17
VisualStudioVersion = 17.1.32328.378
MinimumVisualStudioVersion = 10.0.40219.1
Project("{FAE04EC0-301F-11D3-BF4B-00C04F79EFBC}") = "Cinemax-Ticket-Booking-System", "Cinemax-Ticket-Booking-System\Cinemax-Ticket-Booking-System.csproj", "{8A853ADA-D9AA-4186-807D-39A3B5278E5D}"
EndProject
Global
	GlobalSection(SolutionConfigurationPlatforms) = preSolution
		Debug|Any CPU = Debug|Any CPU
		Release|Any CPU = Release|Any CPU
	EndGlobalSection
	GlobalSection(ProjectConfigurationPlatforms) = postSolution
		{8A853ADA-D9AA-4186-807D-39A3B5278E5D}.Debug|Any CPU.ActiveCfg = Debug|Any CPU
		{8A853ADA-D9AA-4186-807D-39A3B5278E5D}.Debug|Any CPU.Build.0 = Debug|Any CPU
		{8A853ADA-D9AA-4186-807D-39A3B5278E5D}.Release|Any CPU.ActiveCfg = Release|Any CPU
		{8A853ADA-D9AA-4186-807D-39A3B5278E5D}.Release|Any CPU.Build.0 = Release|Any CPU
	EndGlobalSection
	GlobalSection(SolutionProperties) = preSolution
		HideSolutionNode = FALSE
	EndGlobalSection
	GlobalSection(ExtensibilityGlobals) = postSolution
		SolutionGuid = {8331E66D-5116-4958-AADD-BDC532360ABF}
	EndGlobalSection
EndGlobal
